
Microsoft Visual Studio Solution File, Format Version 12.00
# Visual Studio Version 17
VisualStudioVersion = 17.11.35208.52
MinimumVisualStudioVersion = 10.0.40219.1
Project("{FAE04EC0-301F-11D3-BF4B-00C04F79EFBC}") = "UI", "UI\UI.csproj", "{25803C9B-E6CA-457F-ABC0-A685EA7E13ED}"
EndProject
Project("{FAE04EC0-301F-11D3-BF4B-00C04F79EFBC}") = "BLL", "BLL\BLL.csproj", "{80F97D28-0CCA-4999-AE9A-2C7D39563B51}"
EndProject
Project("{FAE04EC0-301F-11D3-BF4B-00C04F79EFBC}") = "BE", "BE\BE.csproj", "{9102C2E0-46ED-4C66-B302-44604B73F7C3}"
EndProject
Project("{FAE04EC0-301F-11D3-BF4B-00C04F79EFBC}") = "Service", "Service\Service.csproj", "{E4575579-3219-49C0-AEDF-7D9D8F9E59E4}"
EndProject
Project("{FAE04EC0-301F-11D3-BF4B-00C04F79EFBC}") = "DAL", "DAL\DAL.csproj", "{F2B240CB-F9BF-4D5B-8E03-33A327A00234}"
EndProject
Project("{54435603-DBB4-11D2-8724-00A0C9A8B90C}") = "Solucion_83KI", "Solucion_83KI\Solucion_83KI.vdproj", "{583671C0-65AB-4829-A196-1802A5137A98}"
EndProject
Global
	GlobalSection(SolutionConfigurationPlatforms) = preSolution
		Debug|Any CPU = Debug|Any CPU
		Release|Any CPU = Release|Any CPU
	EndGlobalSection
	GlobalSection(ProjectConfigurationPlatforms) = postSolution
		{25803C9B-E6CA-457F-ABC0-A685EA7E13ED}.Debug|Any CPU.ActiveCfg = Debug|Any CPU
		{25803C9B-E6CA-457F-ABC0-A685EA7E13ED}.Debug|Any CPU.Build.0 = Debug|Any CPU
		{25803C9B-E6CA-457F-ABC0-A685EA7E13ED}.Release|Any CPU.ActiveCfg = Release|Any CPU
		{25803C9B-E6CA-457F-ABC0-A685EA7E13ED}.Release|Any CPU.Build.0 = Release|Any CPU
		{80F97D28-0CCA-4999-AE9A-2C7D39563B51}.Debug|Any CPU.ActiveCfg = Debug|Any CPU
		{80F97D28-0CCA-4999-AE9A-2C7D39563B51}.Debug|Any CPU.Build.0 = Debug|Any CPU
		{80F97D28-0CCA-4999-AE9A-2C7D39563B51}.Release|Any CPU.ActiveCfg = Release|Any CPU
		{80F97D28-0CCA-4999-AE9A-2C7D39563B51}.Release|Any CPU.Build.0 = Release|Any CPU
		{9102C2E0-46ED-4C66-B302-44604B73F7C3}.Debug|Any CPU.ActiveCfg = Debug|Any CPU
		{9102C2E0-46ED-4C66-B302-44604B73F7C3}.Debug|Any CPU.Build.0 = Debug|Any CPU
		{9102C2E0-46ED-4C66-B302-44604B73F7C3}.Release|Any CPU.ActiveCfg = Release|Any CPU
		{9102C2E0-46ED-4C66-B302-44604B73F7C3}.Release|Any CPU.Build.0 = Release|Any CPU
		{E4575579-3219-49C0-AEDF-7D9D8F9E59E4}.Debug|Any CPU.ActiveCfg = Debug|Any CPU
		{E4575579-3219-49C0-AEDF-7D9D8F9E59E4}.Debug|Any CPU.Build.0 = Debug|Any CPU
		{E4575579-3219-49C0-AEDF-7D9D8F9E59E4}.Release|Any CPU.ActiveCfg = Release|Any CPU
		{E4575579-3219-49C0-AEDF-7D9D8F9E59E4}.Release|Any CPU.Build.0 = Release|Any CPU
		{F2B240CB-F9BF-4D5B-8E03-33A327A00234}.Debug|Any CPU.ActiveCfg = Debug|Any CPU
		{F2B240CB-F9BF-4D5B-8E03-33A327A00234}.Debug|Any CPU.Build.0 = Debug|Any CPU
		{F2B240CB-F9BF-4D5B-8E03-33A327A00234}.Release|Any CPU.ActiveCfg = Release|Any CPU
		{F2B240CB-F9BF-4D5B-8E03-33A327A00234}.Release|Any CPU.Build.0 = Release|Any CPU
		{583671C0-65AB-4829-A196-1802A5137A98}.Debug|Any CPU.ActiveCfg = Debug
		{583671C0-65AB-4829-A196-1802A5137A98}.Release|Any CPU.ActiveCfg = Release
	EndGlobalSection
	GlobalSection(SolutionProperties) = preSolution
		HideSolutionNode = FALSE
	EndGlobalSection
	GlobalSection(ExtensibilityGlobals) = postSolution
		SolutionGuid = {EC1D2B67-9350-4306-BE77-BE4C560BA90B}
	EndGlobalSection
EndGlobal
